// !$*UTF8*$!
{
	archiveVersion = 1;
	classes = {
	};
	objectVersion = 50;
	objects = {

/* Begin PBXBuildFile section */
		1B2EAFAA219B68F200BAFF27 /* ListaLojaJogosTableViewController.swift in Sources */ = {isa = PBXBuildFile; fileRef = 1B2EAFA9219B68F200BAFF27 /* ListaLojaJogosTableViewController.swift */; };
		1B38A08F2194EE7C0048DA2E /* Database.swift in Sources */ = {isa = PBXBuildFile; fileRef = 1B38A08E2194EE7C0048DA2E /* Database.swift */; };
		1B38A0912194EEF50048DA2E /* Usuario.swift in Sources */ = {isa = PBXBuildFile; fileRef = 1B38A0902194EEF50048DA2E /* Usuario.swift */; };
		1B38A0A02194EF7E0048DA2E /* IQKeyboardManagerSwift.framework in Frameworks */ = {isa = PBXBuildFile; fileRef = 1B38A09F2194EF7E0048DA2E /* IQKeyboardManagerSwift.framework */; };
		1B38A0A22194EF7E0048DA2E /* Realm.framework in Frameworks */ = {isa = PBXBuildFile; fileRef = 1B38A0A12194EF7E0048DA2E /* Realm.framework */; };
		1B38A0A42194EF7E0048DA2E /* RealmSwift.framework in Frameworks */ = {isa = PBXBuildFile; fileRef = 1B38A0A32194EF7E0048DA2E /* RealmSwift.framework */; };
		1B38A0A62194EF7E0048DA2E /* SVProgressHUD.framework in Frameworks */ = {isa = PBXBuildFile; fileRef = 1B38A0A52194EF7E0048DA2E /* SVProgressHUD.framework */; };
		1B38A0AB2194EFA00048DA2E /* Pods_TrabalhoFinal.framework in Embed Frameworks */ = {isa = PBXBuildFile; fileRef = CAB7AAB51C19A96FC35FA5CE /* Pods_TrabalhoFinal.framework */; settings = {ATTRIBUTES = (CodeSignOnCopy, RemoveHeadersOnCopy, ); }; };
		1B38A0B52194F19A0048DA2E /* Favorito.swift in Sources */ = {isa = PBXBuildFile; fileRef = 1B38A0B42194F19A0048DA2E /* Favorito.swift */; };
		1B38A0B72194F1DE0048DA2E /* Loja.swift in Sources */ = {isa = PBXBuildFile; fileRef = 1B38A0B62194F1DE0048DA2E /* Loja.swift */; };
		1B38A0B92194F1FD0048DA2E /* Produto.swift in Sources */ = {isa = PBXBuildFile; fileRef = 1B38A0B82194F1FD0048DA2E /* Produto.swift */; };
		1B38A0BB2194F5010048DA2E /* LojasServidor.swift in Sources */ = {isa = PBXBuildFile; fileRef = 1B38A0BA2194F5010048DA2E /* LojasServidor.swift */; };
		1B38A0C021963E6E0048DA2E /* default.realm in Resources */ = {isa = PBXBuildFile; fileRef = 1B38A0BF21963E6E0048DA2E /* default.realm */; };
		1B38A0C221963E9A0048DA2E /* lojas.realm in Resources */ = {isa = PBXBuildFile; fileRef = 1B38A0C121963E990048DA2E /* lojas.realm */; };
		1B48F8A8218148260039670F /* ListaLojaTableViewController.swift in Sources */ = {isa = PBXBuildFile; fileRef = 1B48F8A7218148260039670F /* ListaLojaTableViewController.swift */; };
		1B82AA14219C91AF009D7198 /* LoginTableViewController.swift in Sources */ = {isa = PBXBuildFile; fileRef = 1B82AA13219C91AF009D7198 /* LoginTableViewController.swift */; };
		1B82AA16219CB097009D7198 /* PerfilTableViewController.swift in Sources */ = {isa = PBXBuildFile; fileRef = 1B82AA15219CB097009D7198 /* PerfilTableViewController.swift */; };
		1B918DE62180406D00439B12 /* AppDelegate.swift in Sources */ = {isa = PBXBuildFile; fileRef = 1B918DE52180406D00439B12 /* AppDelegate.swift */; };
		1B918DEB2180406D00439B12 /* Main.storyboard in Resources */ = {isa = PBXBuildFile; fileRef = 1B918DE92180406D00439B12 /* Main.storyboard */; };
		1B918DED2180406E00439B12 /* Assets.xcassets in Resources */ = {isa = PBXBuildFile; fileRef = 1B918DEC2180406E00439B12 /* Assets.xcassets */; };
		1B918DF02180406E00439B12 /* LaunchScreen.storyboard in Resources */ = {isa = PBXBuildFile; fileRef = 1B918DEE2180406E00439B12 /* LaunchScreen.storyboard */; };
		1B918DFF218041C200439B12 /* ListaCelula.swift in Sources */ = {isa = PBXBuildFile; fileRef = 1B918DFE218041C200439B12 /* ListaCelula.swift */; };
		1B918E01218055E300439B12 /* CadastroViewController.swift in Sources */ = {isa = PBXBuildFile; fileRef = 1B918E00218055E300439B12 /* CadastroViewController.swift */; };
		1BADAF83218F937700BC5C9D /* MinhasListasTableViewController.swift in Sources */ = {isa = PBXBuildFile; fileRef = 1BADAF82218F937700BC5C9D /* MinhasListasTableViewController.swift */; };
		1BADAF87218F971500BC5C9D /* ItemMinhasListasTableViewCell.swift in Sources */ = {isa = PBXBuildFile; fileRef = 1BADAF86218F971500BC5C9D /* ItemMinhasListasTableViewCell.swift */; };
		1BC24A282187E80D00DF2B7C /* ListaDescricaoProdutosServicosViewCell .swift in Sources */ = {isa = PBXBuildFile; fileRef = 1BC24A272187E80D00DF2B7C /* ListaDescricaoProdutosServicosViewCell .swift */; };
		1BC24A2C2187EEF100DF2B7C /* ListaDescricaoProdutoServicoTableViewControle.swift in Sources */ = {isa = PBXBuildFile; fileRef = 1BC24A2B2187EEF100DF2B7C /* ListaDescricaoProdutoServicoTableViewControle.swift */; };
		1BC46DF421A0E37F00934478 /* CadastroController.swift in Sources */ = {isa = PBXBuildFile; fileRef = 1BC46DF321A0E37F00934478 /* CadastroController.swift */; };
		1BC46DF621A189DB00934478 /* LoginController.swift in Sources */ = {isa = PBXBuildFile; fileRef = 1BC46DF521A189DB00934478 /* LoginController.swift */; };
		1BC46DF821A1944700934478 /* PerfilController.swift in Sources */ = {isa = PBXBuildFile; fileRef = 1BC46DF721A1944700934478 /* PerfilController.swift */; };
		1BC46DFB21A1A81300934478 /* LojasController.swift in Sources */ = {isa = PBXBuildFile; fileRef = 1BC46DFA21A1A81300934478 /* LojasController.swift */; };
		1BC46DFD21A1B6C300934478 /* ItemCelulaDescricaoProdutosServicos.swift in Sources */ = {isa = PBXBuildFile; fileRef = 1BC46DFC21A1B6C300934478 /* ItemCelulaDescricaoProdutosServicos.swift */; };
		598781066D90524B012EF8D0 /* Pods_TrabalhoFinal.framework in Frameworks */ = {isa = PBXBuildFile; fileRef = CAB7AAB51C19A96FC35FA5CE /* Pods_TrabalhoFinal.framework */; };
/* End PBXBuildFile section */

/* Begin PBXCopyFilesBuildPhase section */
		1B38A09E2194EF0E0048DA2E /* Embed Frameworks */ = {
			isa = PBXCopyFilesBuildPhase;
			buildActionMask = 2147483647;
			dstPath = "";
			dstSubfolderSpec = 10;
			files = (
				1B38A0AB2194EFA00048DA2E /* Pods_TrabalhoFinal.framework in Embed Frameworks */,
			);
			name = "Embed Frameworks";
			runOnlyForDeploymentPostprocessing = 0;
		};
/* End PBXCopyFilesBuildPhase section */

/* Begin PBXFileReference section */
		1B2EAFA9219B68F200BAFF27 /* ListaLojaJogosTableViewController.swift */ = {isa = PBXFileReference; lastKnownFileType = sourcecode.swift; path = ListaLojaJogosTableViewController.swift; sourceTree = "<group>"; };
		1B38A08E2194EE7C0048DA2E /* Database.swift */ = {isa = PBXFileReference; lastKnownFileType = sourcecode.swift; path = Database.swift; sourceTree = "<group>"; };
		1B38A0902194EEF50048DA2E /* Usuario.swift */ = {isa = PBXFileReference; lastKnownFileType = sourcecode.swift; path = Usuario.swift; sourceTree = "<group>"; };
		1B38A09F2194EF7E0048DA2E /* IQKeyboardManagerSwift.framework */ = {isa = PBXFileReference; explicitFileType = wrapper.framework; path = IQKeyboardManagerSwift.framework; sourceTree = BUILT_PRODUCTS_DIR; };
		1B38A0A12194EF7E0048DA2E /* Realm.framework */ = {isa = PBXFileReference; explicitFileType = wrapper.framework; path = Realm.framework; sourceTree = BUILT_PRODUCTS_DIR; };
		1B38A0A32194EF7E0048DA2E /* RealmSwift.framework */ = {isa = PBXFileReference; explicitFileType = wrapper.framework; path = RealmSwift.framework; sourceTree = BUILT_PRODUCTS_DIR; };
		1B38A0A52194EF7E0048DA2E /* SVProgressHUD.framework */ = {isa = PBXFileReference; explicitFileType = wrapper.framework; path = SVProgressHUD.framework; sourceTree = BUILT_PRODUCTS_DIR; };
		1B38A0B42194F19A0048DA2E /* Favorito.swift */ = {isa = PBXFileReference; lastKnownFileType = sourcecode.swift; path = Favorito.swift; sourceTree = "<group>"; };
		1B38A0B62194F1DE0048DA2E /* Loja.swift */ = {isa = PBXFileReference; lastKnownFileType = sourcecode.swift; path = Loja.swift; sourceTree = "<group>"; };
		1B38A0B82194F1FD0048DA2E /* Produto.swift */ = {isa = PBXFileReference; lastKnownFileType = sourcecode.swift; path = Produto.swift; sourceTree = "<group>"; };
		1B38A0BA2194F5010048DA2E /* LojasServidor.swift */ = {isa = PBXFileReference; lastKnownFileType = sourcecode.swift; path = LojasServidor.swift; sourceTree = "<group>"; };
		1B38A0BF21963E6E0048DA2E /* default.realm */ = {isa = PBXFileReference; lastKnownFileType = file; path = default.realm; sourceTree = "<group>"; };
		1B38A0C121963E990048DA2E /* lojas.realm */ = {isa = PBXFileReference; lastKnownFileType = file; path = lojas.realm; sourceTree = "<group>"; };
		1B48F8A7218148260039670F /* ListaLojaTableViewController.swift */ = {isa = PBXFileReference; lastKnownFileType = sourcecode.swift; path = ListaLojaTableViewController.swift; sourceTree = "<group>"; };
		1B82AA13219C91AF009D7198 /* LoginTableViewController.swift */ = {isa = PBXFileReference; lastKnownFileType = sourcecode.swift; path = LoginTableViewController.swift; sourceTree = "<group>"; };
		1B82AA15219CB097009D7198 /* PerfilTableViewController.swift */ = {isa = PBXFileReference; lastKnownFileType = sourcecode.swift; path = PerfilTableViewController.swift; sourceTree = "<group>"; };
		1B918DE22180406D00439B12 /* TrabalhoFinal.app */ = {isa = PBXFileReference; explicitFileType = wrapper.application; includeInIndex = 0; path = TrabalhoFinal.app; sourceTree = BUILT_PRODUCTS_DIR; };
		1B918DE52180406D00439B12 /* AppDelegate.swift */ = {isa = PBXFileReference; lastKnownFileType = sourcecode.swift; path = AppDelegate.swift; sourceTree = "<group>"; };
		1B918DEA2180406D00439B12 /* Base */ = {isa = PBXFileReference; lastKnownFileType = file.storyboard; name = Base; path = Base.lproj/Main.storyboard; sourceTree = "<group>"; };
		1B918DEC2180406E00439B12 /* Assets.xcassets */ = {isa = PBXFileReference; lastKnownFileType = folder.assetcatalog; path = Assets.xcassets; sourceTree = "<group>"; };
		1B918DEF2180406E00439B12 /* Base */ = {isa = PBXFileReference; lastKnownFileType = file.storyboard; name = Base; path = Base.lproj/LaunchScreen.storyboard; sourceTree = "<group>"; };
		1B918DF12180406E00439B12 /* Info.plist */ = {isa = PBXFileReference; lastKnownFileType = text.plist.xml; path = Info.plist; sourceTree = "<group>"; };
		1B918DFE218041C200439B12 /* ListaCelula.swift */ = {isa = PBXFileReference; lastKnownFileType = sourcecode.swift; path = ListaCelula.swift; sourceTree = "<group>"; };
		1B918E00218055E300439B12 /* CadastroViewController.swift */ = {isa = PBXFileReference; lastKnownFileType = sourcecode.swift; path = CadastroViewController.swift; sourceTree = "<group>"; };
		1BADAF82218F937700BC5C9D /* MinhasListasTableViewController.swift */ = {isa = PBXFileReference; lastKnownFileType = sourcecode.swift; path = MinhasListasTableViewController.swift; sourceTree = "<group>"; };
		1BADAF86218F971500BC5C9D /* ItemMinhasListasTableViewCell.swift */ = {isa = PBXFileReference; lastKnownFileType = sourcecode.swift; path = ItemMinhasListasTableViewCell.swift; sourceTree = "<group>"; };
		1BC24A272187E80D00DF2B7C /* ListaDescricaoProdutosServicosViewCell .swift */ = {isa = PBXFileReference; lastKnownFileType = sourcecode.swift; path = "ListaDescricaoProdutosServicosViewCell .swift"; sourceTree = "<group>"; };
		1BC24A2B2187EEF100DF2B7C /* ListaDescricaoProdutoServicoTableViewControle.swift */ = {isa = PBXFileReference; lastKnownFileType = sourcecode.swift; path = ListaDescricaoProdutoServicoTableViewControle.swift; sourceTree = "<group>"; };
		1BC46DF321A0E37F00934478 /* CadastroController.swift */ = {isa = PBXFileReference; lastKnownFileType = sourcecode.swift; path = CadastroController.swift; sourceTree = "<group>"; };
		1BC46DF521A189DB00934478 /* LoginController.swift */ = {isa = PBXFileReference; lastKnownFileType = sourcecode.swift; path = LoginController.swift; sourceTree = "<group>"; };
		1BC46DF721A1944700934478 /* PerfilController.swift */ = {isa = PBXFileReference; lastKnownFileType = sourcecode.swift; path = PerfilController.swift; sourceTree = "<group>"; };
		1BC46DFA21A1A81300934478 /* LojasController.swift */ = {isa = PBXFileReference; lastKnownFileType = sourcecode.swift; path = LojasController.swift; sourceTree = "<group>"; };
		1BC46DFC21A1B6C300934478 /* ItemCelulaDescricaoProdutosServicos.swift */ = {isa = PBXFileReference; fileEncoding = 4; lastKnownFileType = sourcecode.swift; path = ItemCelulaDescricaoProdutosServicos.swift; sourceTree = "<group>"; };
		CAB7AAB51C19A96FC35FA5CE /* Pods_TrabalhoFinal.framework */ = {isa = PBXFileReference; explicitFileType = wrapper.framework; includeInIndex = 0; path = Pods_TrabalhoFinal.framework; sourceTree = BUILT_PRODUCTS_DIR; };
		D68BA8DEA770FAF55CD12B86 /* Pods-TrabalhoFinal.release.xcconfig */ = {isa = PBXFileReference; includeInIndex = 1; lastKnownFileType = text.xcconfig; name = "Pods-TrabalhoFinal.release.xcconfig"; path = "Pods/Target Support Files/Pods-TrabalhoFinal/Pods-TrabalhoFinal.release.xcconfig"; sourceTree = "<group>"; };
		E7379A6FCAAA3D91F76884C2 /* Pods-TrabalhoFinal.debug.xcconfig */ = {isa = PBXFileReference; includeInIndex = 1; lastKnownFileType = text.xcconfig; name = "Pods-TrabalhoFinal.debug.xcconfig"; path = "Pods/Target Support Files/Pods-TrabalhoFinal/Pods-TrabalhoFinal.debug.xcconfig"; sourceTree = "<group>"; };
/* End PBXFileReference section */

/* Begin PBXFrameworksBuildPhase section */
		1B918DDF2180406D00439B12 /* Frameworks */ = {
			isa = PBXFrameworksBuildPhase;
			buildActionMask = 2147483647;
			files = (
				1B38A0A02194EF7E0048DA2E /* IQKeyboardManagerSwift.framework in Frameworks */,
				1B38A0A22194EF7E0048DA2E /* Realm.framework in Frameworks */,
				1B38A0A42194EF7E0048DA2E /* RealmSwift.framework in Frameworks */,
				1B38A0A62194EF7E0048DA2E /* SVProgressHUD.framework in Frameworks */,
				598781066D90524B012EF8D0 /* Pods_TrabalhoFinal.framework in Frameworks */,
			);
			runOnlyForDeploymentPostprocessing = 0;
		};
/* End PBXFrameworksBuildPhase section */

/* Begin PBXGroup section */
		1B48F8A921814ACF0039670F /* TableViewCell */ = {
			isa = PBXGroup;
			children = (
				1BC46DFC21A1B6C300934478 /* ItemCelulaDescricaoProdutosServicos.swift */,
				1B918DFE218041C200439B12 /* ListaCelula.swift */,
				1BC24A272187E80D00DF2B7C /* ListaDescricaoProdutosServicosViewCell .swift */,
				1BADAF86218F971500BC5C9D /* ItemMinhasListasTableViewCell.swift */,
			);
			path = TableViewCell;
			sourceTree = "<group>";
		};
		1B918DD92180406D00439B12 = {
			isa = PBXGroup;
			children = (
				1BC46DF921A1A72F00934478 /* ViewController */,
				1B918DE42180406D00439B12 /* TrabalhoFinal */,
				1B918DE32180406D00439B12 /* Products */,
				CE36E3E0A173009FE0854550 /* Pods */,
				7F22F50FBDECDD76808CD760 /* Frameworks */,
			);
			sourceTree = "<group>";
		};
		1B918DE32180406D00439B12 /* Products */ = {
			isa = PBXGroup;
			children = (
				1B918DE22180406D00439B12 /* TrabalhoFinal.app */,
			);
			name = Products;
			sourceTree = "<group>";
		};
		1B918DE42180406D00439B12 /* TrabalhoFinal */ = {
			isa = PBXGroup;
			children = (
				1B48F8A921814ACF0039670F /* TableViewCell */,
				1B918DF9218040D000439B12 /* Model */,
				1B918DF8218040BE00439B12 /* Controller */,
				1B918DF72180409100439B12 /* TableViewController */,
				1B918DE52180406D00439B12 /* AppDelegate.swift */,
				1B38A0C121963E990048DA2E /* lojas.realm */,
				1B918DE92180406D00439B12 /* Main.storyboard */,
				1B38A0BF21963E6E0048DA2E /* default.realm */,
				1B918DEC2180406E00439B12 /* Assets.xcassets */,
				1B918DEE2180406E00439B12 /* LaunchScreen.storyboard */,
				1B918DF12180406E00439B12 /* Info.plist */,
			);
			path = TrabalhoFinal;
			sourceTree = "<group>";
		};
		1B918DF72180409100439B12 /* TableViewController */ = {
			isa = PBXGroup;
			children = (
				1B48F8A7218148260039670F /* ListaLojaTableViewController.swift */,
				1BC24A2B2187EEF100DF2B7C /* ListaDescricaoProdutoServicoTableViewControle.swift */,
				1BADAF82218F937700BC5C9D /* MinhasListasTableViewController.swift */,
				1B2EAFA9219B68F200BAFF27 /* ListaLojaJogosTableViewController.swift */,
				1B82AA13219C91AF009D7198 /* LoginTableViewController.swift */,
				1B82AA15219CB097009D7198 /* PerfilTableViewController.swift */,
			);
			path = TableViewController;
			sourceTree = "<group>";
		};
		1B918DF8218040BE00439B12 /* Controller */ = {
			isa = PBXGroup;
			children = (
				1BC46DF321A0E37F00934478 /* CadastroController.swift */,
				1BC46DF521A189DB00934478 /* LoginController.swift */,
				1BC46DF721A1944700934478 /* PerfilController.swift */,
				1BC46DFA21A1A81300934478 /* LojasController.swift */,
			);
			path = Controller;
			sourceTree = "<group>";
		};
		1B918DF9218040D000439B12 /* Model */ = {
			isa = PBXGroup;
			children = (
				1B38A08E2194EE7C0048DA2E /* Database.swift */,
				1B38A0902194EEF50048DA2E /* Usuario.swift */,
				1B38A0B42194F19A0048DA2E /* Favorito.swift */,
				1B38A0B62194F1DE0048DA2E /* Loja.swift */,
				1B38A0B82194F1FD0048DA2E /* Produto.swift */,
				1B38A0BA2194F5010048DA2E /* LojasServidor.swift */,
			);
			path = Model;
			sourceTree = "<group>";
		};
		1BC46DF921A1A72F00934478 /* ViewController */ = {
			isa = PBXGroup;
			children = (
				1B918E00218055E300439B12 /* CadastroViewController.swift */,
			);
			path = ViewController;
			sourceTree = "<group>";
		};
		7F22F50FBDECDD76808CD760 /* Frameworks */ = {
			isa = PBXGroup;
			children = (
				1B38A09F2194EF7E0048DA2E /* IQKeyboardManagerSwift.framework */,
				1B38A0A12194EF7E0048DA2E /* Realm.framework */,
				1B38A0A32194EF7E0048DA2E /* RealmSwift.framework */,
				1B38A0A52194EF7E0048DA2E /* SVProgressHUD.framework */,
				CAB7AAB51C19A96FC35FA5CE /* Pods_TrabalhoFinal.framework */,
			);
			name = Frameworks;
			sourceTree = "<group>";
		};
		CE36E3E0A173009FE0854550 /* Pods */ = {
			isa = PBXGroup;
			children = (
				E7379A6FCAAA3D91F76884C2 /* Pods-TrabalhoFinal.debug.xcconfig */,
				D68BA8DEA770FAF55CD12B86 /* Pods-TrabalhoFinal.release.xcconfig */,
			);
			name = Pods;
			sourceTree = "<group>";
		};
/* End PBXGroup section */

/* Begin PBXNativeTarget section */
		1B918DE12180406D00439B12 /* TrabalhoFinal */ = {
			isa = PBXNativeTarget;
			buildConfigurationList = 1B918DF42180406E00439B12 /* Build configuration list for PBXNativeTarget "TrabalhoFinal" */;
			buildPhases = (
				FAB1607763CB0F5ED4E19EAC /* [CP] Check Pods Manifest.lock */,
				1B918DDE2180406D00439B12 /* Sources */,
				1B918DDF2180406D00439B12 /* Frameworks */,
				1B918DE02180406D00439B12 /* Resources */,
				976FBA8B3D814DEDC3FA4736 /* [CP] Embed Pods Frameworks */,
				6F33459FB888F1B5B095956D /* [CP] Copy Pods Resources */,
				1B38A09E2194EF0E0048DA2E /* Embed Frameworks */,
			);
			buildRules = (
			);
			dependencies = (
			);
			name = TrabalhoFinal;
			productName = TrabalhoFinal;
			productReference = 1B918DE22180406D00439B12 /* TrabalhoFinal.app */;
			productType = "com.apple.product-type.application";
		};
/* End PBXNativeTarget section */

/* Begin PBXProject section */
		1B918DDA2180406D00439B12 /* Project object */ = {
			isa = PBXProject;
			attributes = {
				LastSwiftUpdateCheck = 1000;
				LastUpgradeCheck = 1000;
				ORGANIZATIONNAME = "Matheus Freitas";
				TargetAttributes = {
					1B918DE12180406D00439B12 = {
						CreatedOnToolsVersion = 10.0;
					};
				};
			};
			buildConfigurationList = 1B918DDD2180406D00439B12 /* Build configuration list for PBXProject "TrabalhoFinal" */;
			compatibilityVersion = "Xcode 9.3";
			developmentRegion = en;
			hasScannedForEncodings = 0;
			knownRegions = (
				en,
				Base,
			);
			mainGroup = 1B918DD92180406D00439B12;
			productRefGroup = 1B918DE32180406D00439B12 /* Products */;
			projectDirPath = "";
			projectRoot = "";
			targets = (
				1B918DE12180406D00439B12 /* TrabalhoFinal */,
			);
		};
/* End PBXProject section */

/* Begin PBXResourcesBuildPhase section */
		1B918DE02180406D00439B12 /* Resources */ = {
			isa = PBXResourcesBuildPhase;
			buildActionMask = 2147483647;
			files = (
				1B38A0C221963E9A0048DA2E /* lojas.realm in Resources */,
				1B38A0C021963E6E0048DA2E /* default.realm in Resources */,
				1B918DF02180406E00439B12 /* LaunchScreen.storyboard in Resources */,
				1B918DED2180406E00439B12 /* Assets.xcassets in Resources */,
				1B918DEB2180406D00439B12 /* Main.storyboard in Resources */,
			);
			runOnlyForDeploymentPostprocessing = 0;
		};
/* End PBXResourcesBuildPhase section */

/* Begin PBXShellScriptBuildPhase section */
		6F33459FB888F1B5B095956D /* [CP] Copy Pods Resources */ = {
			isa = PBXShellScriptBuildPhase;
			buildActionMask = 2147483647;
			files = (
			);
			inputPaths = (
			);
			name = "[CP] Copy Pods Resources";
			outputPaths = (
			);
			runOnlyForDeploymentPostprocessing = 0;
			shellPath = /bin/sh;
			shellScript = "\"${SRCROOT}/Pods/Target Support Files/Pods-TrabalhoFinal/Pods-TrabalhoFinal-resources.sh\"\n";
			showEnvVarsInLog = 0;
		};
		976FBA8B3D814DEDC3FA4736 /* [CP] Embed Pods Frameworks */ = {
			isa = PBXShellScriptBuildPhase;
			buildActionMask = 2147483647;
			files = (
			);
			inputPaths = (
				"${SRCROOT}/Pods/Target Support Files/Pods-TrabalhoFinal/Pods-TrabalhoFinal-frameworks.sh",
				"${BUILT_PRODUCTS_DIR}/IQKeyboardManagerSwift/IQKeyboardManagerSwift.framework",
				"${BUILT_PRODUCTS_DIR}/Realm/Realm.framework",
				"${BUILT_PRODUCTS_DIR}/RealmSwift/RealmSwift.framework",
				"${BUILT_PRODUCTS_DIR}/SVProgressHUD/SVProgressHUD.framework",
			);
			name = "[CP] Embed Pods Frameworks";
			outputPaths = (
				"${TARGET_BUILD_DIR}/${FRAMEWORKS_FOLDER_PATH}/IQKeyboardManagerSwift.framework",
				"${TARGET_BUILD_DIR}/${FRAMEWORKS_FOLDER_PATH}/Realm.framework",
				"${TARGET_BUILD_DIR}/${FRAMEWORKS_FOLDER_PATH}/RealmSwift.framework",
				"${TARGET_BUILD_DIR}/${FRAMEWORKS_FOLDER_PATH}/SVProgressHUD.framework",
			);
			runOnlyForDeploymentPostprocessing = 0;
			shellPath = /bin/sh;
			shellScript = "\"${SRCROOT}/Pods/Target Support Files/Pods-TrabalhoFinal/Pods-TrabalhoFinal-frameworks.sh\"\n";
			showEnvVarsInLog = 0;
		};
		FAB1607763CB0F5ED4E19EAC /* [CP] Check Pods Manifest.lock */ = {
			isa = PBXShellScriptBuildPhase;
			buildActionMask = 2147483647;
			files = (
			);
			inputPaths = (
				"${PODS_PODFILE_DIR_PATH}/Podfile.lock",
				"${PODS_ROOT}/Manifest.lock",
			);
			name = "[CP] Check Pods Manifest.lock";
			outputPaths = (
				"$(DERIVED_FILE_DIR)/Pods-TrabalhoFinal-checkManifestLockResult.txt",
			);
			runOnlyForDeploymentPostprocessing = 0;
			shellPath = /bin/sh;
			shellScript = "diff \"${PODS_PODFILE_DIR_PATH}/Podfile.lock\" \"${PODS_ROOT}/Manifest.lock\" > /dev/null\nif [ $? != 0 ] ; then\n    # print error to STDERR\n    echo \"error: The sandbox is not in sync with the Podfile.lock. Run 'pod install' or update your CocoaPods installation.\" >&2\n    exit 1\nfi\n# This output is used by Xcode 'outputs' to avoid re-running this script phase.\necho \"SUCCESS\" > \"${SCRIPT_OUTPUT_FILE_0}\"\n";
			showEnvVarsInLog = 0;
		};
/* End PBXShellScriptBuildPhase section */

/* Begin PBXSourcesBuildPhase section */
		1B918DDE2180406D00439B12 /* Sources */ = {
			isa = PBXSourcesBuildPhase;
			buildActionMask = 2147483647;
			files = (
				1B38A0B72194F1DE0048DA2E /* Loja.swift in Sources */,
				1B48F8A8218148260039670F /* ListaLojaTableViewController.swift in Sources */,
				1B38A0B52194F19A0048DA2E /* Favorito.swift in Sources */,
				1B82AA16219CB097009D7198 /* PerfilTableViewController.swift in Sources */,
				1B38A0BB2194F5010048DA2E /* LojasServidor.swift in Sources */,
				1BADAF83218F937700BC5C9D /* MinhasListasTableViewController.swift in Sources */,
				1BC46DF821A1944700934478 /* PerfilController.swift in Sources */,
				1B918E01218055E300439B12 /* CadastroViewController.swift in Sources */,
				1BC46DFB21A1A81300934478 /* LojasController.swift in Sources */,
				1BC24A282187E80D00DF2B7C /* ListaDescricaoProdutosServicosViewCell .swift in Sources */,
				1BC24A2C2187EEF100DF2B7C /* ListaDescricaoProdutoServicoTableViewControle.swift in Sources */,
				1B38A0912194EEF50048DA2E /* Usuario.swift in Sources */,
				1BC46DF621A189DB00934478 /* LoginController.swift in Sources */,
				1BC46DF421A0E37F00934478 /* CadastroController.swift in Sources */,
				1B38A0B92194F1FD0048DA2E /* Produto.swift in Sources */,
				1B918DFF218041C200439B12 /* ListaCelula.swift in Sources */,
				1B2EAFAA219B68F200BAFF27 /* ListaLojaJogosTableViewController.swift in Sources */,
				1BADAF87218F971500BC5C9D /* ItemMinhasListasTableViewCell.swift in Sources */,
				1B38A08F2194EE7C0048DA2E /* Database.swift in Sources */,
				1B918DE62180406D00439B12 /* AppDelegate.swift in Sources */,
				1BC46DFD21A1B6C300934478 /* ItemCelulaDescricaoProdutosServicos.swift in Sources */,
				1B82AA14219C91AF009D7198 /* LoginTableViewController.swift in Sources */,
			);
			runOnlyForDeploymentPostprocessing = 0;
		};
/* End PBXSourcesBuildPhase section */

/* Begin PBXVariantGroup section */
		1B918DE92180406D00439B12 /* Main.storyboard */ = {
			isa = PBXVariantGroup;
			children = (
				1B918DEA2180406D00439B12 /* Base */,
			);
			name = Main.storyboard;
			sourceTree = "<group>";
		};
		1B918DEE2180406E00439B12 /* LaunchScreen.storyboard */ = {
			isa = PBXVariantGroup;
			children = (
				1B918DEF2180406E00439B12 /* Base */,
			);
			name = LaunchScreen.storyboard;
			sourceTree = "<group>";
		};
/* End PBXVariantGroup section */

/* Begin XCBuildConfiguration section */
		1B918DF22180406E00439B12 /* Debug */ = {
			isa = XCBuildConfiguration;
			buildSettings = {
				ALWAYS_SEARCH_USER_PATHS = NO;
				CLANG_ANALYZER_NONNULL = YES;
				CLANG_ANALYZER_NUMBER_OBJECT_CONVERSION = YES_AGGRESSIVE;
				CLANG_CXX_LANGUAGE_STANDARD = "gnu++14";
				CLANG_CXX_LIBRARY = "libc++";
				CLANG_ENABLE_MODULES = YES;
				CLANG_ENABLE_OBJC_ARC = YES;
				CLANG_ENABLE_OBJC_WEAK = YES;
				CLANG_WARN_BLOCK_CAPTURE_AUTORELEASING = YES;
				CLANG_WARN_BOOL_CONVERSION = YES;
				CLANG_WARN_COMMA = YES;
				CLANG_WARN_CONSTANT_CONVERSION = YES;
				CLANG_WARN_DEPRECATED_OBJC_IMPLEMENTATIONS = YES;
				CLANG_WARN_DIRECT_OBJC_ISA_USAGE = YES_ERROR;
				CLANG_WARN_DOCUMENTATION_COMMENTS = YES;
				CLANG_WARN_EMPTY_BODY = YES;
				CLANG_WARN_ENUM_CONVERSION = YES;
				CLANG_WARN_INFINITE_RECURSION = YES;
				CLANG_WARN_INT_CONVERSION = YES;
				CLANG_WARN_NON_LITERAL_NULL_CONVERSION = YES;
				CLANG_WARN_OBJC_IMPLICIT_RETAIN_SELF = YES;
				CLANG_WARN_OBJC_LITERAL_CONVERSION = YES;
				CLANG_WARN_OBJC_ROOT_CLASS = YES_ERROR;
				CLANG_WARN_RANGE_LOOP_ANALYSIS = YES;
				CLANG_WARN_STRICT_PROTOTYPES = YES;
				CLANG_WARN_SUSPICIOUS_MOVE = YES;
				CLANG_WARN_UNGUARDED_AVAILABILITY = YES_AGGRESSIVE;
				CLANG_WARN_UNREACHABLE_CODE = YES;
				CLANG_WARN__DUPLICATE_METHOD_MATCH = YES;
				CODE_SIGN_IDENTITY = "iPhone Developer";
				COPY_PHASE_STRIP = NO;
				DEBUG_INFORMATION_FORMAT = dwarf;
				ENABLE_STRICT_OBJC_MSGSEND = YES;
				ENABLE_TESTABILITY = YES;
				GCC_C_LANGUAGE_STANDARD = gnu11;
				GCC_DYNAMIC_NO_PIC = NO;
				GCC_NO_COMMON_BLOCKS = YES;
				GCC_OPTIMIZATION_LEVEL = 0;
				GCC_PREPROCESSOR_DEFINITIONS = (
					"DEBUG=1",
					"$(inherited)",
				);
				GCC_WARN_64_TO_32_BIT_CONVERSION = YES;
				GCC_WARN_ABOUT_RETURN_TYPE = YES_ERROR;
				GCC_WARN_UNDECLARED_SELECTOR = YES;
				GCC_WARN_UNINITIALIZED_AUTOS = YES_AGGRESSIVE;
				GCC_WARN_UNUSED_FUNCTION = YES;
				GCC_WARN_UNUSED_VARIABLE = YES;
				IPHONEOS_DEPLOYMENT_TARGET = 12.0;
				MTL_ENABLE_DEBUG_INFO = INCLUDE_SOURCE;
				MTL_FAST_MATH = YES;
				ONLY_ACTIVE_ARCH = YES;
				SDKROOT = iphoneos;
				SWIFT_ACTIVE_COMPILATION_CONDITIONS = DEBUG;
				SWIFT_OPTIMIZATION_LEVEL = "-Onone";
			};
			name = Debug;
		};
		1B918DF32180406E00439B12 /* Release */ = {
			isa = XCBuildConfiguration;
			buildSettings = {
				ALWAYS_SEARCH_USER_PATHS = NO;
				CLANG_ANALYZER_NONNULL = YES;
				CLANG_ANALYZER_NUMBER_OBJECT_CONVERSION = YES_AGGRESSIVE;
				CLANG_CXX_LANGUAGE_STANDARD = "gnu++14";
				CLANG_CXX_LIBRARY = "libc++";
				CLANG_ENABLE_MODULES = YES;
				CLANG_ENABLE_OBJC_ARC = YES;
				CLANG_ENABLE_OBJC_WEAK = YES;
				CLANG_WARN_BLOCK_CAPTURE_AUTORELEASING = YES;
				CLANG_WARN_BOOL_CONVERSION = YES;
				CLANG_WARN_COMMA = YES;
				CLANG_WARN_CONSTANT_CONVERSION = YES;
				CLANG_WARN_DEPRECATED_OBJC_IMPLEMENTATIONS = YES;
				CLANG_WARN_DIRECT_OBJC_ISA_USAGE = YES_ERROR;
				CLANG_WARN_DOCUMENTATION_COMMENTS = YES;
				CLANG_WARN_EMPTY_BODY = YES;
				CLANG_WARN_ENUM_CONVERSION = YES;
				CLANG_WARN_INFINITE_RECURSION = YES;
				CLANG_WARN_INT_CONVERSION = YES;
				CLANG_WARN_NON_LITERAL_NULL_CONVERSION = YES;
				CLANG_WARN_OBJC_IMPLICIT_RETAIN_SELF = YES;
				CLANG_WARN_OBJC_LITERAL_CONVERSION = YES;
				CLANG_WARN_OBJC_ROOT_CLASS = YES_ERROR;
				CLANG_WARN_RANGE_LOOP_ANALYSIS = YES;
				CLANG_WARN_STRICT_PROTOTYPES = YES;
				CLANG_WARN_SUSPICIOUS_MOVE = YES;
				CLANG_WARN_UNGUARDED_AVAILABILITY = YES_AGGRESSIVE;
				CLANG_WARN_UNREACHABLE_CODE = YES;
				CLANG_WARN__DUPLICATE_METHOD_MATCH = YES;
				CODE_SIGN_IDENTITY = "iPhone Developer";
				COPY_PHASE_STRIP = NO;
				DEBUG_INFORMATION_FORMAT = "dwarf-with-dsym";
				ENABLE_NS_ASSERTIONS = NO;
				ENABLE_STRICT_OBJC_MSGSEND = YES;
				GCC_C_LANGUAGE_STANDARD = gnu11;
				GCC_NO_COMMON_BLOCKS = YES;
				GCC_WARN_64_TO_32_BIT_CONVERSION = YES;
				GCC_WARN_ABOUT_RETURN_TYPE = YES_ERROR;
				GCC_WARN_UNDECLARED_SELECTOR = YES;
				GCC_WARN_UNINITIALIZED_AUTOS = YES_AGGRESSIVE;
				GCC_WARN_UNUSED_FUNCTION = YES;
				GCC_WARN_UNUSED_VARIABLE = YES;
				IPHONEOS_DEPLOYMENT_TARGET = 12.0;
				MTL_ENABLE_DEBUG_INFO = NO;
				MTL_FAST_MATH = YES;
				SDKROOT = iphoneos;
				SWIFT_COMPILATION_MODE = wholemodule;
				SWIFT_OPTIMIZATION_LEVEL = "-O";
				VALIDATE_PRODUCT = YES;
			};
			name = Release;
		};
		1B918DF52180406E00439B12 /* Debug */ = {
			isa = XCBuildConfiguration;
			baseConfigurationReference = E7379A6FCAAA3D91F76884C2 /* Pods-TrabalhoFinal.debug.xcconfig */;
			buildSettings = {
				ASSETCATALOG_COMPILER_APPICON_NAME = AppIcon;
				CODE_SIGN_STYLE = Automatic;
				DEVELOPMENT_TEAM = HRJ8RTJ59K;
				INFOPLIST_FILE = TrabalhoFinal/Info.plist;
				LD_RUNPATH_SEARCH_PATHS = (
					"$(inherited)",
					"@executable_path/Frameworks",
				);
				PRODUCT_BUNDLE_IDENTIFIER = com.matheusfreitas.TrabalhoFinal;
				PRODUCT_NAME = "$(TARGET_NAME)";
				SWIFT_VERSION = 4.2;
				TARGETED_DEVICE_FAMILY = "1,2";
			};
			name = Debug;
		};
		1B918DF62180406E00439B12 /* Release */ = {
			isa = XCBuildConfiguration;
			baseConfigurationReference = D68BA8DEA770FAF55CD12B86 /* Pods-TrabalhoFinal.release.xcconfig */;
			buildSettings = {
				ASSETCATALOG_COMPILER_APPICON_NAME = AppIcon;
				CODE_SIGN_STYLE = Automatic;
				DEVELOPMENT_TEAM = HRJ8RTJ59K;
				INFOPLIST_FILE = TrabalhoFinal/Info.plist;
				LD_RUNPATH_SEARCH_PATHS = (
					"$(inherited)",
					"@executable_path/Frameworks",
				);
				PRODUCT_BUNDLE_IDENTIFIER = com.matheusfreitas.TrabalhoFinal;
				PRODUCT_NAME = "$(TARGET_NAME)";
				SWIFT_VERSION = 4.2;
				TARGETED_DEVICE_FAMILY = "1,2";
			};
			name = Release;
		};
/* End XCBuildConfiguration section */

/* Begin XCConfigurationList section */
		1B918DDD2180406D00439B12 /* Build configuration list for PBXProject "TrabalhoFinal" */ = {
			isa = XCConfigurationList;
			buildConfigurations = (
				1B918DF22180406E00439B12 /* Debug */,
				1B918DF32180406E00439B12 /* Release */,
			);
			defaultConfigurationIsVisible = 0;
			defaultConfigurationName = Release;
		};
		1B918DF42180406E00439B12 /* Build configuration list for PBXNativeTarget "TrabalhoFinal" */ = {
			isa = XCConfigurationList;
			buildConfigurations = (
				1B918DF52180406E00439B12 /* Debug */,
				1B918DF62180406E00439B12 /* Release */,
			);
			defaultConfigurationIsVisible = 0;
			defaultConfigurationName = Release;
		};
/* End XCConfigurationList section */
	};
	rootObject = 1B918DDA2180406D00439B12 /* Project object */;
}
